
Microsoft Visual Studio Solution File, Format Version 12.00
# Visual Studio Version 17
VisualStudioVersion = 17.0.32112.339
MinimumVisualStudioVersion = 10.0.40219.1
Project("{FAE04EC0-301F-11D3-BF4B-00C04F79EFBC}") = "flip coin", "flip coin\flip coin.csproj", "{5B8FF245-0E17-4F93-8CA6-F33FCB688933}"
EndProject
Global
	GlobalSection(SolutionConfigurationPlatforms) = preSolution
		Debug|Any CPU = Debug|Any CPU
		Release|Any CPU = Release|Any CPU
	EndGlobalSection
	GlobalSection(ProjectConfigurationPlatforms) = postSolution
		{5B8FF245-0E17-4F93-8CA6-F33FCB688933}.Debug|Any CPU.ActiveCfg = Debug|Any CPU
		{5B8FF245-0E17-4F93-8CA6-F33FCB688933}.Debug|Any CPU.Build.0 = Debug|Any CPU
		{5B8FF245-0E17-4F93-8CA6-F33FCB688933}.Release|Any CPU.ActiveCfg = Release|Any CPU
		{5B8FF245-0E17-4F93-8CA6-F33FCB688933}.Release|Any CPU.Build.0 = Release|Any CPU
	EndGlobalSection
	GlobalSection(SolutionProperties) = preSolution
		HideSolutionNode = FALSE
	EndGlobalSection
	GlobalSection(ExtensibilityGlobals) = postSolution
		SolutionGuid = {B8917FD8-1F8D-4F50-93FF-FF76D58E5FBC}
	EndGlobalSection
EndGlobal
